// !$*UTF8*$!
{
	archiveVersion = 1;
	classes = {
	};
	objectVersion = 56;
	objects = {

/* Begin PBXBuildFile section */
		432E47FE2A0285AC00730E3A /* AnimalViewApp.swift in Sources */ = {isa = PBXBuildFile; fileRef = 432E47FD2A0285AC00730E3A /* AnimalViewApp.swift */; };
		432E48022A0285AD00730E3A /* Assets.xcassets in Resources */ = {isa = PBXBuildFile; fileRef = 432E48012A0285AD00730E3A /* Assets.xcassets */; };
		432E48052A0285AD00730E3A /* Preview Assets.xcassets in Resources */ = {isa = PBXBuildFile; fileRef = 432E48042A0285AD00730E3A /* Preview Assets.xcassets */; };
		432E480C2A0285CC00730E3A /* AnimalContentView.swift in Sources */ = {isa = PBXBuildFile; fileRef = 432E480B2A0285CC00730E3A /* AnimalContentView.swift */; };
		432E480E2A02864900730E3A /* AnimalDetailsView.swift in Sources */ = {isa = PBXBuildFile; fileRef = 432E480D2A02864900730E3A /* AnimalDetailsView.swift */; };
		432E48102A0286B700730E3A /* ListAnimal.swift in Sources */ = {isa = PBXBuildFile; fileRef = 432E480F2A0286B700730E3A /* ListAnimal.swift */; };
		432E48122A02872B00730E3A /* AnimalView.swift in Sources */ = {isa = PBXBuildFile; fileRef = 432E48112A02872B00730E3A /* AnimalView.swift */; };
		435EDCD72A081E2E00D85116 /* PickerView.swift in Sources */ = {isa = PBXBuildFile; fileRef = 435EDCD62A081E2E00D85116 /* PickerView.swift */; };
/* End PBXBuildFile section */

/* Begin PBXFileReference section */
		432E47FA2A0285AC00730E3A /* AnimalView.app */ = {isa = PBXFileReference; explicitFileType = wrapper.application; includeInIndex = 0; path = AnimalView.app; sourceTree = BUILT_PRODUCTS_DIR; };
		432E47FD2A0285AC00730E3A /* AnimalViewApp.swift */ = {isa = PBXFileReference; lastKnownFileType = sourcecode.swift; path = AnimalViewApp.swift; sourceTree = "<group>"; };
		432E48012A0285AD00730E3A /* Assets.xcassets */ = {isa = PBXFileReference; lastKnownFileType = folder.assetcatalog; path = Assets.xcassets; sourceTree = "<group>"; };
		432E48042A0285AD00730E3A /* Preview Assets.xcassets */ = {isa = PBXFileReference; lastKnownFileType = folder.assetcatalog; path = "Preview Assets.xcassets"; sourceTree = "<group>"; };
		432E480B2A0285CC00730E3A /* AnimalContentView.swift */ = {isa = PBXFileReference; lastKnownFileType = sourcecode.swift; path = AnimalContentView.swift; sourceTree = "<group>"; };
		432E480D2A02864900730E3A /* AnimalDetailsView.swift */ = {isa = PBXFileReference; lastKnownFileType = sourcecode.swift; path = AnimalDetailsView.swift; sourceTree = "<group>"; };
		432E480F2A0286B700730E3A /* ListAnimal.swift */ = {isa = PBXFileReference; lastKnownFileType = sourcecode.swift; path = ListAnimal.swift; sourceTree = "<group>"; };
		432E48112A02872B00730E3A /* AnimalView.swift */ = {isa = PBXFileReference; lastKnownFileType = sourcecode.swift; path = AnimalView.swift; sourceTree = "<group>"; };
		435EDCD62A081E2E00D85116 /* PickerView.swift */ = {isa = PBXFileReference; lastKnownFileType = sourcecode.swift; path = PickerView.swift; sourceTree = "<group>"; };
/* End PBXFileReference section */

/* Begin PBXFrameworksBuildPhase section */
		432E47F72A0285AC00730E3A /* Frameworks */ = {
			isa = PBXFrameworksBuildPhase;
			buildActionMask = 2147483647;
			files = (
			);
			runOnlyForDeploymentPostprocessing = 0;
		};
/* End PBXFrameworksBuildPhase section */

/* Begin PBXGroup section */
		432E47F12A0285AC00730E3A = {
			isa = PBXGroup;
			children = (
				432E47FC2A0285AC00730E3A /* AnimalView */,
				432E47FB2A0285AC00730E3A /* Products */,
			);
			sourceTree = "<group>";
		};
		432E47FB2A0285AC00730E3A /* Products */ = {
			isa = PBXGroup;
			children = (
				432E47FA2A0285AC00730E3A /* AnimalView.app */,
			);
			name = Products;
			sourceTree = "<group>";
		};
		432E47FC2A0285AC00730E3A /* AnimalView */ = {
			isa = PBXGroup;
			children = (
				432E47FD2A0285AC00730E3A /* AnimalViewApp.swift */,
				432E480B2A0285CC00730E3A /* AnimalContentView.swift */,
				435EDCD62A081E2E00D85116 /* PickerView.swift */,
				432E480D2A02864900730E3A /* AnimalDetailsView.swift */,
				432E48112A02872B00730E3A /* AnimalView.swift */,
				432E480F2A0286B700730E3A /* ListAnimal.swift */,
				432E48012A0285AD00730E3A /* Assets.xcassets */,
				432E48032A0285AD00730E3A /* Preview Content */,
			);
			path = AnimalView;
			sourceTree = "<group>";
		};
		432E48032A0285AD00730E3A /* Preview Content */ = {
			isa = PBXGroup;
			children = (
				432E48042A0285AD00730E3A /* Preview Assets.xcassets */,
			);
			path = "Preview Content";
			sourceTree = "<group>";
		};
/* End PBXGroup section */

/* Begin PBXNativeTarget section */
		432E47F92A0285AC00730E3A /* AnimalView */ = {
			isa = PBXNativeTarget;
			buildConfigurationList = 432E48082A0285AD00730E3A /* Build configuration list for PBXNativeTarget "AnimalView" */;
			buildPhases = (
				432E47F62A0285AC00730E3A /* Sources */,
				432E47F72A0285AC00730E3A /* Frameworks */,
				432E47F82A0285AC00730E3A /* Resources */,
			);
			buildRules = (
			);
			dependencies = (
			);
			name = AnimalView;
			productName = AnimalView;
			productReference = 432E47FA2A0285AC00730E3A /* AnimalView.app */;
			productType = "com.apple.product-type.application";
		};
/* End PBXNativeTarget section */

/* Begin PBXProject section */
		432E47F22A0285AC00730E3A /* Project object */ = {
			isa = PBXProject;
			attributes = {
				BuildIndependentTargetsInParallel = 1;
				LastSwiftUpdateCheck = 1430;
				LastUpgradeCheck = 1430;
				TargetAttributes = {
					432E47F92A0285AC00730E3A = {
						CreatedOnToolsVersion = 14.3;
					};
				};
			};
			buildConfigurationList = 432E47F52A0285AC00730E3A /* Build configuration list for PBXProject "AnimalView" */;
			compatibilityVersion = "Xcode 14.0";
			developmentRegion = en;
			hasScannedForEncodings = 0;
			knownRegions = (
				en,
				Base,
			);
			mainGroup = 432E47F12A0285AC00730E3A;
			productRefGroup = 432E47FB2A0285AC00730E3A /* Products */;
			projectDirPath = "";
			projectRoot = "";
			targets = (
				432E47F92A0285AC00730E3A /* AnimalView */,
			);
		};
/* End PBXProject section */

/* Begin PBXResourcesBuildPhase section */
		432E47F82A0285AC00730E3A /* Resources */ = {
			isa = PBXResourcesBuildPhase;
			buildActionMask = 2147483647;
			files = (
				432E48052A0285AD00730E3A /* Preview Assets.xcassets in Resources */,
				432E48022A0285AD00730E3A /* Assets.xcassets in Resources */,
			);
			runOnlyForDeploymentPostprocessing = 0;
		};
/* End PBXResourcesBuildPhase section */

/* Begin PBXSourcesBuildPhase section */
		432E47F62A0285AC00730E3A /* Sources */ = {
			isa = PBXSourcesBuildPhase;
			buildActionMask = 2147483647;
			files = (
				432E48122A02872B00730E3A /* AnimalView.swift in Sources */,
				432E480E2A02864900730E3A /* AnimalDetailsView.swift in Sources */,
				435EDCD72A081E2E00D85116 /* PickerView.swift in Sources */,
				432E48102A0286B700730E3A /* ListAnimal.swift in Sources */,
				432E47FE2A0285AC00730E3A /* AnimalViewApp.swift in Sources */,
				432E480C2A0285CC00730E3A /* AnimalContentView.swift in Sources */,
			);
			runOnlyForDeploymentPostprocessing = 0;
		};
/* End PBXSourcesBuildPhase section */

/* Begin XCBuildConfiguration section */
		432E48062A0285AD00730E3A /* Debug */ = {
			isa = XCBuildConfiguration;
			buildSettings = {
				ALWAYS_SEARCH_USER_PATHS = NO;
				CLANG_ANALYZER_NONNULL = YES;
				CLANG_ANALYZER_NUMBER_OBJECT_CONVERSION = YES_AGGRESSIVE;
				CLANG_CXX_LANGUAGE_STANDARD = "gnu++20";
				CLANG_ENABLE_MODULES = YES;
				CLANG_ENABLE_OBJC_ARC = YES;
				CLANG_ENABLE_OBJC_WEAK = YES;
				CLANG_WARN_BLOCK_CAPTURE_AUTORELEASING = YES;
				CLANG_WARN_BOOL_CONVERSION = YES;
				CLANG_WARN_COMMA = YES;
				CLANG_WARN_CONSTANT_CONVERSION = YES;
				CLANG_WARN_DEPRECATED_OBJC_IMPLEMENTATIONS = YES;
				CLANG_WARN_DIRECT_OBJC_ISA_USAGE = YES_ERROR;
				CLANG_WARN_DOCUMENTATION_COMMENTS = YES;
				CLANG_WARN_EMPTY_BODY = YES;
				CLANG_WARN_ENUM_CONVERSION = YES;
				CLANG_WARN_INFINITE_RECURSION = YES;
				CLANG_WARN_INT_CONVERSION = YES;
				CLANG_WARN_NON_LITERAL_NULL_CONVERSION = YES;
				CLANG_WARN_OBJC_IMPLICIT_RETAIN_SELF = YES;
				CLANG_WARN_OBJC_LITERAL_CONVERSION = YES;
				CLANG_WARN_OBJC_ROOT_CLASS = YES_ERROR;
				CLANG_WARN_QUOTED_INCLUDE_IN_FRAMEWORK_HEADER = YES;
				CLANG_WARN_RANGE_LOOP_ANALYSIS = YES;
				CLANG_WARN_STRICT_PROTOTYPES = YES;
				CLANG_WARN_SUSPICIOUS_MOVE = YES;
				CLANG_WARN_UNGUARDED_AVAILABILITY = YES_AGGRESSIVE;
				CLANG_WARN_UNREACHABLE_CODE = YES;
				CLANG_WARN__DUPLICATE_METHOD_MATCH = YES;
				COPY_PHASE_STRIP = NO;
				DEBUG_INFORMATION_FORMAT = dwarf;
				ENABLE_STRICT_OBJC_MSGSEND = YES;
				ENABLE_TESTABILITY = YES;
				GCC_C_LANGUAGE_STANDARD = gnu11;
				GCC_DYNAMIC_NO_PIC = NO;
				GCC_NO_COMMON_BLOCKS = YES;
				GCC_OPTIMIZATION_LEVEL = 0;
				GCC_PREPROCESSOR_DEFINITIONS = (
					"DEBUG=1",
					"$(inherited)",
				);
				GCC_WARN_64_TO_32_BIT_CONVERSION = YES;
				GCC_WARN_ABOUT_RETURN_TYPE = YES_ERROR;
				GCC_WARN_UNDECLARED_SELECTOR = YES;
				GCC_WARN_UNINITIALIZED_AUTOS = YES_AGGRESSIVE;
				GCC_WARN_UNUSED_FUNCTION = YES;
				GCC_WARN_UNUSED_VARIABLE = YES;
				IPHONEOS_DEPLOYMENT_TARGET = 16.4;
				MTL_ENABLE_DEBUG_INFO = INCLUDE_SOURCE;
				MTL_FAST_MATH = YES;
				ONLY_ACTIVE_ARCH = YES;
				SDKROOT = iphoneos;
				SWIFT_ACTIVE_COMPILATION_CONDITIONS = DEBUG;
				SWIFT_OPTIMIZATION_LEVEL = "-Onone";
			};
			name = Debug;
		};
		432E48072A0285AD00730E3A /* Release */ = {
			isa = XCBuildConfiguration;
			buildSettings = {
				ALWAYS_SEARCH_USER_PATHS = NO;
				CLANG_ANALYZER_NONNULL = YES;
				CLANG_ANALYZER_NUMBER_OBJECT_CONVERSION = YES_AGGRESSIVE;
				CLANG_CXX_LANGUAGE_STANDARD = "gnu++20";
				CLANG_ENABLE_MODULES = YES;
				CLANG_ENABLE_OBJC_ARC = YES;
				CLANG_ENABLE_OBJC_WEAK = YES;
				CLANG_WARN_BLOCK_CAPTURE_AUTORELEASING = YES;
				CLANG_WARN_BOOL_CONVERSION = YES;
				CLANG_WARN_COMMA = YES;
				CLANG_WARN_CONSTANT_CONVERSION = YES;
				CLANG_WARN_DEPRECATED_OBJC_IMPLEMENTATIONS = YES;
				CLANG_WARN_DIRECT_OBJC_ISA_USAGE = YES_ERROR;
				CLANG_WARN_DOCUMENTATION_COMMENTS = YES;
				CLANG_WARN_EMPTY_BODY = YES;
				CLANG_WARN_ENUM_CONVERSION = YES;
				CLANG_WARN_INFINITE_RECURSION = YES;
				CLANG_WARN_INT_CONVERSION = YES;
				CLANG_WARN_NON_LITERAL_NULL_CONVERSION = YES;
				CLANG_WARN_OBJC_IMPLICIT_RETAIN_SELF = YES;
				CLANG_WARN_OBJC_LITERAL_CONVERSION = YES;
				CLANG_WARN_OBJC_ROOT_CLASS = YES_ERROR;
				CLANG_WARN_QUOTED_INCLUDE_IN_FRAMEWORK_HEADER = YES;
				CLANG_WARN_RANGE_LOOP_ANALYSIS = YES;
				CLANG_WARN_STRICT_PROTOTYPES = YES;
				CLANG_WARN_SUSPICIOUS_MOVE = YES;
				CLANG_WARN_UNGUARDED_AVAILABILITY = YES_AGGRESSIVE;
				CLANG_WARN_UNREACHABLE_CODE = YES;
				CLANG_WARN__DUPLICATE_METHOD_MATCH = YES;
				COPY_PHASE_STRIP = NO;
				DEBUG_INFORMATION_FORMAT = "dwarf-with-dsym";
				ENABLE_NS_ASSERTIONS = NO;
				ENABLE_STRICT_OBJC_MSGSEND = YES;
				GCC_C_LANGUAGE_STANDARD = gnu11;
				GCC_NO_COMMON_BLOCKS = YES;
				GCC_WARN_64_TO_32_BIT_CONVERSION = YES;
				GCC_WARN_ABOUT_RETURN_TYPE = YES_ERROR;
				GCC_WARN_UNDECLARED_SELECTOR = YES;
				GCC_WARN_UNINITIALIZED_AUTOS = YES_AGGRESSIVE;
				GCC_WARN_UNUSED_FUNCTION = YES;
				GCC_WARN_UNUSED_VARIABLE = YES;
				IPHONEOS_DEPLOYMENT_TARGET = 16.4;
				MTL_ENABLE_DEBUG_INFO = NO;
				MTL_FAST_MATH = YES;
				SDKROOT = iphoneos;
				SWIFT_COMPILATION_MODE = wholemodule;
				SWIFT_OPTIMIZATION_LEVEL = "-O";
				VALIDATE_PRODUCT = YES;
			};
			name = Release;
		};
		432E48092A0285AD00730E3A /* Debug */ = {
			isa = XCBuildConfiguration;
			buildSettings = {
				ASSETCATALOG_COMPILER_APPICON_NAME = AppIcon;
				ASSETCATALOG_COMPILER_GLOBAL_ACCENT_COLOR_NAME = AccentColor;
				CODE_SIGN_STYLE = Automatic;
				CURRENT_PROJECT_VERSION = 1;
				DEVELOPMENT_ASSET_PATHS = "\"AnimalView/Preview Content\"";
				DEVELOPMENT_TEAM = X2U5N73X2K;
				ENABLE_PREVIEWS = YES;
				GENERATE_INFOPLIST_FILE = YES;
				INFOPLIST_KEY_UIApplicationSceneManifest_Generation = YES;
				INFOPLIST_KEY_UIApplicationSupportsIndirectInputEvents = YES;
				INFOPLIST_KEY_UILaunchScreen_Generation = YES;
				INFOPLIST_KEY_UISupportedInterfaceOrientations_iPad = "UIInterfaceOrientationPortrait UIInterfaceOrientationPortraitUpsideDown UIInterfaceOrientationLandscapeLeft UIInterfaceOrientationLandscapeRight";
				INFOPLIST_KEY_UISupportedInterfaceOrientations_iPhone = "UIInterfaceOrientationPortrait UIInterfaceOrientationLandscapeLeft UIInterfaceOrientationLandscapeRight";
				LD_RUNPATH_SEARCH_PATHS = (
					"$(inherited)",
					"@executable_path/Frameworks",
				);
				MARKETING_VERSION = 1.0;
				PRODUCT_BUNDLE_IDENTIFIER = "Re-my.AnimalView";
				PRODUCT_NAME = "$(TARGET_NAME)";
				SWIFT_EMIT_LOC_STRINGS = YES;
				SWIFT_VERSION = 5.0;
				TARGETED_DEVICE_FAMILY = "1,2";
			};
			name = Debug;
		};
		432E480A2A0285AD00730E3A /* Release */ = {
			isa = XCBuildConfiguration;
			buildSettings = {
				ASSETCATALOG_COMPILER_APPICON_NAME = AppIcon;
				ASSETCATALOG_COMPILER_GLOBAL_ACCENT_COLOR_NAME = AccentColor;
				CODE_SIGN_STYLE = Automatic;
				CURRENT_PROJECT_VERSION = 1;
				DEVELOPMENT_ASSET_PATHS = "\"AnimalView/Preview Content\"";
				DEVELOPMENT_TEAM = X2U5N73X2K;
				ENABLE_PREVIEWS = YES;
				GENERATE_INFOPLIST_FILE = YES;
				INFOPLIST_KEY_UIApplicationSceneManifest_Generation = YES;
				INFOPLIST_KEY_UIApplicationSupportsIndirectInputEvents = YES;
				INFOPLIST_KEY_UILaunchScreen_Generation = YES;
				INFOPLIST_KEY_UISupportedInterfaceOrientations_iPad = "UIInterfaceOrientationPortrait UIInterfaceOrientationPortraitUpsideDown UIInterfaceOrientationLandscapeLeft UIInterfaceOrientationLandscapeRight";
				INFOPLIST_KEY_UISupportedInterfaceOrientations_iPhone = "UIInterfaceOrientationPortrait UIInterfaceOrientationLandscapeLeft UIInterfaceOrientationLandscapeRight";
				LD_RUNPATH_SEARCH_PATHS = (
					"$(inherited)",
					"@executable_path/Frameworks",
				);
				MARKETING_VERSION = 1.0;
				PRODUCT_BUNDLE_IDENTIFIER = "Re-my.AnimalView";
				PRODUCT_NAME = "$(TARGET_NAME)";
				SWIFT_EMIT_LOC_STRINGS = YES;
				SWIFT_VERSION = 5.0;
				TARGETED_DEVICE_FAMILY = "1,2";
			};
			name = Release;
		};
/* End XCBuildConfiguration section */

/* Begin XCConfigurationList section */
		432E47F52A0285AC00730E3A /* Build configuration list for PBXProject "AnimalView" */ = {
			isa = XCConfigurationList;
			buildConfigurations = (
				432E48062A0285AD00730E3A /* Debug */,
				432E48072A0285AD00730E3A /* Release */,
			);
			defaultConfigurationIsVisible = 0;
			defaultConfigurationName = Release;
		};
		432E48082A0285AD00730E3A /* Build configuration list for PBXNativeTarget "AnimalView" */ = {
			isa = XCConfigurationList;
			buildConfigurations = (
				432E48092A0285AD00730E3A /* Debug */,
				432E480A2A0285AD00730E3A /* Release */,
			);
			defaultConfigurationIsVisible = 0;
			defaultConfigurationName = Release;
		};
/* End XCConfigurationList section */
	};
	rootObject = 432E47F22A0285AC00730E3A /* Project object */;
}
